// !$*UTF8*$!
{
	archiveVersion = 1;
	classes = {
	};
	objectVersion = 46;
	objects = {

/* Begin PBXBuildFile section */
		3C67B6C31AA3FC5B0094C726 /* AppDelegate.swift in Sources */ = {isa = PBXBuildFile; fileRef = 3C67B6C21AA3FC5B0094C726 /* AppDelegate.swift */; };
		3C67B6C51AA3FC5B0094C726 /* CalculatorViewController.swift in Sources */ = {isa = PBXBuildFile; fileRef = 3C67B6C41AA3FC5B0094C726 /* CalculatorViewController.swift */; };
		3C67B6C81AA3FC5B0094C726 /* Main.storyboard in Resources */ = {isa = PBXBuildFile; fileRef = 3C67B6C61AA3FC5B0094C726 /* Main.storyboard */; };
		3C67B6CA1AA3FC5B0094C726 /* Assets.xcassets in Resources */ = {isa = PBXBuildFile; fileRef = 3C67B6C91AA3FC5B0094C726 /* Assets.xcassets */; };
		3C92E6E51B5E0B2700BD4988 /* LaunchScreen.xib in Resources */ = {isa = PBXBuildFile; fileRef = 3C92E6E41B5E0B2700BD4988 /* LaunchScreen.xib */; };
		3CEE98B51B71321600E7F694 /* CalculatorModel.swift in Sources */ = {isa = PBXBuildFile; fileRef = 3CEE98B41B71321600E7F694 /* CalculatorModel.swift */; };
		F0325A291DB9125F00EAE72D /* AsyncButton.swift in Sources */ = {isa = PBXBuildFile; fileRef = F0325A0B1DB9125F00EAE72D /* AsyncButton.swift */; };
		F0325A2A1DB9125F00EAE72D /* AsyncImageView.swift in Sources */ = {isa = PBXBuildFile; fileRef = F0325A0C1DB9125F00EAE72D /* AsyncImageView.swift */; };
		F0325A2B1DB9125F00EAE72D /* AutoTextView.swift in Sources */ = {isa = PBXBuildFile; fileRef = F0325A0D1DB9125F00EAE72D /* AutoTextView.swift */; };
		F0325A2C1DB9125F00EAE72D /* BlurView.swift in Sources */ = {isa = PBXBuildFile; fileRef = F0325A0E1DB9125F00EAE72D /* BlurView.swift */; };
		F0325A2D1DB9125F00EAE72D /* DesignableButton.swift in Sources */ = {isa = PBXBuildFile; fileRef = F0325A0F1DB9125F00EAE72D /* DesignableButton.swift */; };
		F0325A2E1DB9125F00EAE72D /* DesignableImageView.swift in Sources */ = {isa = PBXBuildFile; fileRef = F0325A101DB9125F00EAE72D /* DesignableImageView.swift */; };
		F0325A2F1DB9125F00EAE72D /* DesignableLabel.swift in Sources */ = {isa = PBXBuildFile; fileRef = F0325A111DB9125F00EAE72D /* DesignableLabel.swift */; };
		F0325A301DB9125F00EAE72D /* DesignableTabBarController.swift in Sources */ = {isa = PBXBuildFile; fileRef = F0325A121DB9125F00EAE72D /* DesignableTabBarController.swift */; };
		F0325A311DB9125F00EAE72D /* DesignableTextField.swift in Sources */ = {isa = PBXBuildFile; fileRef = F0325A131DB9125F00EAE72D /* DesignableTextField.swift */; };
		F0325A321DB9125F00EAE72D /* DesignableTextView.swift in Sources */ = {isa = PBXBuildFile; fileRef = F0325A141DB9125F00EAE72D /* DesignableTextView.swift */; };
		F0325A331DB9125F00EAE72D /* DesignableView.swift in Sources */ = {isa = PBXBuildFile; fileRef = F0325A151DB9125F00EAE72D /* DesignableView.swift */; };
		F0325A341DB9125F00EAE72D /* ImageLoader.swift in Sources */ = {isa = PBXBuildFile; fileRef = F0325A161DB9125F00EAE72D /* ImageLoader.swift */; };
		F0325A351DB9125F00EAE72D /* Info.plist in Resources */ = {isa = PBXBuildFile; fileRef = F0325A171DB9125F00EAE72D /* Info.plist */; };
		F0325A361DB9125F00EAE72D /* KeyboardLayoutConstraint.swift in Sources */ = {isa = PBXBuildFile; fileRef = F0325A181DB9125F00EAE72D /* KeyboardLayoutConstraint.swift */; };
		F0325A371DB9125F00EAE72D /* LoadingView.swift in Sources */ = {isa = PBXBuildFile; fileRef = F0325A191DB9125F00EAE72D /* LoadingView.swift */; };
		F0325A381DB9125F00EAE72D /* LoadingView.xib in Resources */ = {isa = PBXBuildFile; fileRef = F0325A1A1DB9125F00EAE72D /* LoadingView.xib */; };
		F0325A391DB9125F00EAE72D /* Misc.swift in Sources */ = {isa = PBXBuildFile; fileRef = F0325A1B1DB9125F00EAE72D /* Misc.swift */; };
		F0325A3A1DB9125F00EAE72D /* SoundPlayer.swift in Sources */ = {isa = PBXBuildFile; fileRef = F0325A1C1DB9125F00EAE72D /* SoundPlayer.swift */; };
		F0325A3B1DB9125F00EAE72D /* Spring.swift in Sources */ = {isa = PBXBuildFile; fileRef = F0325A1E1DB9125F00EAE72D /* Spring.swift */; };
		F0325A3C1DB9125F00EAE72D /* SpringAnimation.swift in Sources */ = {isa = PBXBuildFile; fileRef = F0325A1F1DB9125F00EAE72D /* SpringAnimation.swift */; };
		F0325A3D1DB9125F00EAE72D /* SpringButton.swift in Sources */ = {isa = PBXBuildFile; fileRef = F0325A201DB9125F00EAE72D /* SpringButton.swift */; };
		F0325A3E1DB9125F00EAE72D /* SpringImageView.swift in Sources */ = {isa = PBXBuildFile; fileRef = F0325A211DB9125F00EAE72D /* SpringImageView.swift */; };
		F0325A3F1DB9125F00EAE72D /* SpringLabel.swift in Sources */ = {isa = PBXBuildFile; fileRef = F0325A221DB9125F00EAE72D /* SpringLabel.swift */; };
		F0325A401DB9125F00EAE72D /* SpringTextField.swift in Sources */ = {isa = PBXBuildFile; fileRef = F0325A231DB9125F00EAE72D /* SpringTextField.swift */; };
		F0325A411DB9125F00EAE72D /* SpringTextView.swift in Sources */ = {isa = PBXBuildFile; fileRef = F0325A241DB9125F00EAE72D /* SpringTextView.swift */; };
		F0325A421DB9125F00EAE72D /* SpringView.swift in Sources */ = {isa = PBXBuildFile; fileRef = F0325A251DB9125F00EAE72D /* SpringView.swift */; };
		F0325A431DB9125F00EAE72D /* TransitionManager.swift in Sources */ = {isa = PBXBuildFile; fileRef = F0325A261DB9125F00EAE72D /* TransitionManager.swift */; };
		F0325A441DB9125F00EAE72D /* TransitionZoom.swift in Sources */ = {isa = PBXBuildFile; fileRef = F0325A271DB9125F00EAE72D /* TransitionZoom.swift */; };
		F0325A451DB9125F00EAE72D /* UnwindSegue.swift in Sources */ = {isa = PBXBuildFile; fileRef = F0325A281DB9125F00EAE72D /* UnwindSegue.swift */; };
		F0325A471DB91DAB00EAE72D /* UserDefaultsUtils.swift in Sources */ = {isa = PBXBuildFile; fileRef = F0325A461DB91DAB00EAE72D /* UserDefaultsUtils.swift */; };
		F0325A491DB91EE900EAE72D /* UserPreferences.swift in Sources */ = {isa = PBXBuildFile; fileRef = F0325A481DB91EE900EAE72D /* UserPreferences.swift */; };
		F0325A4B1DB91FC600EAE72D /* Constants.swift in Sources */ = {isa = PBXBuildFile; fileRef = F0325A4A1DB91FC600EAE72D /* Constants.swift */; };
		F0325A4D1DB922D800EAE72D /* Localizable.strings in Resources */ = {isa = PBXBuildFile; fileRef = F0325A4C1DB922D800EAE72D /* Localizable.strings */; };
		F03453541DC92F3E0021A0F7 /* Fabric.framework in Frameworks */ = {isa = PBXBuildFile; fileRef = F03453521DC92F3E0021A0F7 /* Fabric.framework */; };
		F03453551DC92F3E0021A0F7 /* Crashlytics.framework in Frameworks */ = {isa = PBXBuildFile; fileRef = F03453531DC92F3E0021A0F7 /* Crashlytics.framework */; };
/* End PBXBuildFile section */

/* Begin PBXFileReference section */
		3C67B6BD1AA3FC5B0094C726 /* Convex.app */ = {isa = PBXFileReference; explicitFileType = wrapper.application; includeInIndex = 0; path = Convex.app; sourceTree = BUILT_PRODUCTS_DIR; };
		3C67B6C11AA3FC5B0094C726 /* Info.plist */ = {isa = PBXFileReference; lastKnownFileType = text.plist.xml; path = Info.plist; sourceTree = "<group>"; };
		3C67B6C21AA3FC5B0094C726 /* AppDelegate.swift */ = {isa = PBXFileReference; lastKnownFileType = sourcecode.swift; path = AppDelegate.swift; sourceTree = "<group>"; };
		3C67B6C41AA3FC5B0094C726 /* CalculatorViewController.swift */ = {isa = PBXFileReference; lastKnownFileType = sourcecode.swift; path = CalculatorViewController.swift; sourceTree = "<group>"; };
		3C67B6C71AA3FC5B0094C726 /* Base */ = {isa = PBXFileReference; lastKnownFileType = file.storyboard; name = Base; path = Base.lproj/Main.storyboard; sourceTree = "<group>"; };
		3C67B6C91AA3FC5B0094C726 /* Assets.xcassets */ = {isa = PBXFileReference; lastKnownFileType = folder.assetcatalog; path = Assets.xcassets; sourceTree = "<group>"; };
		3C67B6D71AA3FC5B0094C726 /* Info.plist */ = {isa = PBXFileReference; lastKnownFileType = text.plist.xml; path = Info.plist; sourceTree = "<group>"; };
		3C67B6D81AA3FC5B0094C726 /* ConvexTests.swift */ = {isa = PBXFileReference; lastKnownFileType = sourcecode.swift; path = ConvexTests.swift; sourceTree = "<group>"; };
		3C92E6E41B5E0B2700BD4988 /* LaunchScreen.xib */ = {isa = PBXFileReference; fileEncoding = 4; lastKnownFileType = file.xib; path = LaunchScreen.xib; sourceTree = "<group>"; };
		3CEE98B41B71321600E7F694 /* CalculatorModel.swift */ = {isa = PBXFileReference; fileEncoding = 4; lastKnownFileType = sourcecode.swift; path = CalculatorModel.swift; sourceTree = "<group>"; };
		F0325A0B1DB9125F00EAE72D /* AsyncButton.swift */ = {isa = PBXFileReference; fileEncoding = 4; lastKnownFileType = sourcecode.swift; path = AsyncButton.swift; sourceTree = "<group>"; };
		F0325A0C1DB9125F00EAE72D /* AsyncImageView.swift */ = {isa = PBXFileReference; fileEncoding = 4; lastKnownFileType = sourcecode.swift; path = AsyncImageView.swift; sourceTree = "<group>"; };
		F0325A0D1DB9125F00EAE72D /* AutoTextView.swift */ = {isa = PBXFileReference; fileEncoding = 4; lastKnownFileType = sourcecode.swift; path = AutoTextView.swift; sourceTree = "<group>"; };
		F0325A0E1DB9125F00EAE72D /* BlurView.swift */ = {isa = PBXFileReference; fileEncoding = 4; lastKnownFileType = sourcecode.swift; path = BlurView.swift; sourceTree = "<group>"; };
		F0325A0F1DB9125F00EAE72D /* DesignableButton.swift */ = {isa = PBXFileReference; fileEncoding = 4; lastKnownFileType = sourcecode.swift; path = DesignableButton.swift; sourceTree = "<group>"; };
		F0325A101DB9125F00EAE72D /* DesignableImageView.swift */ = {isa = PBXFileReference; fileEncoding = 4; lastKnownFileType = sourcecode.swift; path = DesignableImageView.swift; sourceTree = "<group>"; };
		F0325A111DB9125F00EAE72D /* DesignableLabel.swift */ = {isa = PBXFileReference; fileEncoding = 4; lastKnownFileType = sourcecode.swift; path = DesignableLabel.swift; sourceTree = "<group>"; };
		F0325A121DB9125F00EAE72D /* DesignableTabBarController.swift */ = {isa = PBXFileReference; fileEncoding = 4; lastKnownFileType = sourcecode.swift; path = DesignableTabBarController.swift; sourceTree = "<group>"; };
		F0325A131DB9125F00EAE72D /* DesignableTextField.swift */ = {isa = PBXFileReference; fileEncoding = 4; lastKnownFileType = sourcecode.swift; path = DesignableTextField.swift; sourceTree = "<group>"; };
		F0325A141DB9125F00EAE72D /* DesignableTextView.swift */ = {isa = PBXFileReference; fileEncoding = 4; lastKnownFileType = sourcecode.swift; path = DesignableTextView.swift; sourceTree = "<group>"; };
		F0325A151DB9125F00EAE72D /* DesignableView.swift */ = {isa = PBXFileReference; fileEncoding = 4; lastKnownFileType = sourcecode.swift; path = DesignableView.swift; sourceTree = "<group>"; };
		F0325A161DB9125F00EAE72D /* ImageLoader.swift */ = {isa = PBXFileReference; fileEncoding = 4; lastKnownFileType = sourcecode.swift; path = ImageLoader.swift; sourceTree = "<group>"; };
		F0325A171DB9125F00EAE72D /* Info.plist */ = {isa = PBXFileReference; fileEncoding = 4; lastKnownFileType = text.plist.xml; path = Info.plist; sourceTree = "<group>"; };
		F0325A181DB9125F00EAE72D /* KeyboardLayoutConstraint.swift */ = {isa = PBXFileReference; fileEncoding = 4; lastKnownFileType = sourcecode.swift; path = KeyboardLayoutConstraint.swift; sourceTree = "<group>"; };
		F0325A191DB9125F00EAE72D /* LoadingView.swift */ = {isa = PBXFileReference; fileEncoding = 4; lastKnownFileType = sourcecode.swift; path = LoadingView.swift; sourceTree = "<group>"; };
		F0325A1A1DB9125F00EAE72D /* LoadingView.xib */ = {isa = PBXFileReference; fileEncoding = 4; lastKnownFileType = file.xib; path = LoadingView.xib; sourceTree = "<group>"; };
		F0325A1B1DB9125F00EAE72D /* Misc.swift */ = {isa = PBXFileReference; fileEncoding = 4; lastKnownFileType = sourcecode.swift; path = Misc.swift; sourceTree = "<group>"; };
		F0325A1C1DB9125F00EAE72D /* SoundPlayer.swift */ = {isa = PBXFileReference; fileEncoding = 4; lastKnownFileType = sourcecode.swift; path = SoundPlayer.swift; sourceTree = "<group>"; };
		F0325A1D1DB9125F00EAE72D /* Spring.h */ = {isa = PBXFileReference; fileEncoding = 4; lastKnownFileType = sourcecode.c.h; path = Spring.h; sourceTree = "<group>"; };
		F0325A1E1DB9125F00EAE72D /* Spring.swift */ = {isa = PBXFileReference; fileEncoding = 4; lastKnownFileType = sourcecode.swift; path = Spring.swift; sourceTree = "<group>"; };
		F0325A1F1DB9125F00EAE72D /* SpringAnimation.swift */ = {isa = PBXFileReference; fileEncoding = 4; lastKnownFileType = sourcecode.swift; path = SpringAnimation.swift; sourceTree = "<group>"; };
		F0325A201DB9125F00EAE72D /* SpringButton.swift */ = {isa = PBXFileReference; fileEncoding = 4; lastKnownFileType = sourcecode.swift; path = SpringButton.swift; sourceTree = "<group>"; };
		F0325A211DB9125F00EAE72D /* SpringImageView.swift */ = {isa = PBXFileReference; fileEncoding = 4; lastKnownFileType = sourcecode.swift; path = SpringImageView.swift; sourceTree = "<group>"; };
		F0325A221DB9125F00EAE72D /* SpringLabel.swift */ = {isa = PBXFileReference; fileEncoding = 4; lastKnownFileType = sourcecode.swift; path = SpringLabel.swift; sourceTree = "<group>"; };
		F0325A231DB9125F00EAE72D /* SpringTextField.swift */ = {isa = PBXFileReference; fileEncoding = 4; lastKnownFileType = sourcecode.swift; path = SpringTextField.swift; sourceTree = "<group>"; };
		F0325A241DB9125F00EAE72D /* SpringTextView.swift */ = {isa = PBXFileReference; fileEncoding = 4; lastKnownFileType = sourcecode.swift; path = SpringTextView.swift; sourceTree = "<group>"; };
		F0325A251DB9125F00EAE72D /* SpringView.swift */ = {isa = PBXFileReference; fileEncoding = 4; lastKnownFileType = sourcecode.swift; path = SpringView.swift; sourceTree = "<group>"; };
		F0325A261DB9125F00EAE72D /* TransitionManager.swift */ = {isa = PBXFileReference; fileEncoding = 4; lastKnownFileType = sourcecode.swift; path = TransitionManager.swift; sourceTree = "<group>"; };
		F0325A271DB9125F00EAE72D /* TransitionZoom.swift */ = {isa = PBXFileReference; fileEncoding = 4; lastKnownFileType = sourcecode.swift; path = TransitionZoom.swift; sourceTree = "<group>"; };
		F0325A281DB9125F00EAE72D /* UnwindSegue.swift */ = {isa = PBXFileReference; fileEncoding = 4; lastKnownFileType = sourcecode.swift; path = UnwindSegue.swift; sourceTree = "<group>"; };
		F0325A461DB91DAB00EAE72D /* UserDefaultsUtils.swift */ = {isa = PBXFileReference; fileEncoding = 4; lastKnownFileType = sourcecode.swift; path = UserDefaultsUtils.swift; sourceTree = "<group>"; };
		F0325A481DB91EE900EAE72D /* UserPreferences.swift */ = {isa = PBXFileReference; fileEncoding = 4; lastKnownFileType = sourcecode.swift; path = UserPreferences.swift; sourceTree = "<group>"; };
		F0325A4A1DB91FC600EAE72D /* Constants.swift */ = {isa = PBXFileReference; fileEncoding = 4; lastKnownFileType = sourcecode.swift; path = Constants.swift; sourceTree = "<group>"; };
		F0325A4C1DB922D800EAE72D /* Localizable.strings */ = {isa = PBXFileReference; fileEncoding = 4; lastKnownFileType = text.plist.strings; path = Localizable.strings; sourceTree = "<group>"; };
		F03453521DC92F3E0021A0F7 /* Fabric.framework */ = {isa = PBXFileReference; lastKnownFileType = wrapper.framework; path = Fabric.framework; sourceTree = "<group>"; };
		F03453531DC92F3E0021A0F7 /* Crashlytics.framework */ = {isa = PBXFileReference; lastKnownFileType = wrapper.framework; path = Crashlytics.framework; sourceTree = "<group>"; };
/* End PBXFileReference section */

/* Begin PBXFrameworksBuildPhase section */
		3C67B6BA1AA3FC5B0094C726 /* Frameworks */ = {
			isa = PBXFrameworksBuildPhase;
			buildActionMask = 2147483647;
			files = (
				F03453551DC92F3E0021A0F7 /* Crashlytics.framework in Frameworks */,
				F03453541DC92F3E0021A0F7 /* Fabric.framework in Frameworks */,
			);
			runOnlyForDeploymentPostprocessing = 0;
		};
/* End PBXFrameworksBuildPhase section */

/* Begin PBXGroup section */
		3C67B6B41AA3FC5B0094C726 = {
			isa = PBXGroup;
			children = (
				3C67B6BF1AA3FC5B0094C726 /* Convex */,
				3C67B6D51AA3FC5B0094C726 /* ConvexTests */,
				3C67B6BE1AA3FC5B0094C726 /* Products */,
				F03453561DC92F4B0021A0F7 /* Frameworks */,
			);
			sourceTree = "<group>";
		};
		3C67B6BE1AA3FC5B0094C726 /* Products */ = {
			isa = PBXGroup;
			children = (
				3C67B6BD1AA3FC5B0094C726 /* Convex.app */,
			);
			name = Products;
			sourceTree = "<group>";
		};
		3C67B6BF1AA3FC5B0094C726 /* Convex */ = {
			isa = PBXGroup;
			children = (
				3C67B6C01AA3FC5B0094C726 /* Application */,
				F034535B1DC931AE0021A0F7 /* Controllers */,
				F034535C1DC931C30021A0F7 /* Models */,
				F034535A1DC931A60021A0F7 /* Utils */,
				F03453571DC930740021A0F7 /* Resources */,
				F0325A0A1DB9125F00EAE72D /* Spring */,
			);
			path = Convex;
			sourceTree = "<group>";
		};
		3C67B6C01AA3FC5B0094C726 /* Application */ = {
			isa = PBXGroup;
			children = (
				3C67B6C21AA3FC5B0094C726 /* AppDelegate.swift */,
				3C67B6C11AA3FC5B0094C726 /* Info.plist */,
			);
			name = Application;
			sourceTree = "<group>";
		};
		3C67B6D51AA3FC5B0094C726 /* ConvexTests */ = {
			isa = PBXGroup;
			children = (
				3C67B6D81AA3FC5B0094C726 /* ConvexTests.swift */,
				3C67B6D61AA3FC5B0094C726 /* Supporting Files */,
			);
			path = ConvexTests;
			sourceTree = "<group>";
		};
		3C67B6D61AA3FC5B0094C726 /* Supporting Files */ = {
			isa = PBXGroup;
			children = (
				3C67B6D71AA3FC5B0094C726 /* Info.plist */,
			);
			name = "Supporting Files";
			sourceTree = "<group>";
		};
		F0325A0A1DB9125F00EAE72D /* Spring */ = {
			isa = PBXGroup;
			children = (
				F0325A0B1DB9125F00EAE72D /* AsyncButton.swift */,
				F0325A0C1DB9125F00EAE72D /* AsyncImageView.swift */,
				F0325A0D1DB9125F00EAE72D /* AutoTextView.swift */,
				F0325A0E1DB9125F00EAE72D /* BlurView.swift */,
				F0325A0F1DB9125F00EAE72D /* DesignableButton.swift */,
				F0325A101DB9125F00EAE72D /* DesignableImageView.swift */,
				F0325A111DB9125F00EAE72D /* DesignableLabel.swift */,
				F0325A121DB9125F00EAE72D /* DesignableTabBarController.swift */,
				F0325A131DB9125F00EAE72D /* DesignableTextField.swift */,
				F0325A141DB9125F00EAE72D /* DesignableTextView.swift */,
				F0325A151DB9125F00EAE72D /* DesignableView.swift */,
				F0325A161DB9125F00EAE72D /* ImageLoader.swift */,
				F0325A171DB9125F00EAE72D /* Info.plist */,
				F0325A181DB9125F00EAE72D /* KeyboardLayoutConstraint.swift */,
				F0325A191DB9125F00EAE72D /* LoadingView.swift */,
				F0325A1A1DB9125F00EAE72D /* LoadingView.xib */,
				F0325A1B1DB9125F00EAE72D /* Misc.swift */,
				F0325A1C1DB9125F00EAE72D /* SoundPlayer.swift */,
				F0325A1D1DB9125F00EAE72D /* Spring.h */,
				F0325A1E1DB9125F00EAE72D /* Spring.swift */,
				F0325A1F1DB9125F00EAE72D /* SpringAnimation.swift */,
				F0325A201DB9125F00EAE72D /* SpringButton.swift */,
				F0325A211DB9125F00EAE72D /* SpringImageView.swift */,
				F0325A221DB9125F00EAE72D /* SpringLabel.swift */,
				F0325A231DB9125F00EAE72D /* SpringTextField.swift */,
				F0325A241DB9125F00EAE72D /* SpringTextView.swift */,
				F0325A251DB9125F00EAE72D /* SpringView.swift */,
				F0325A261DB9125F00EAE72D /* TransitionManager.swift */,
				F0325A271DB9125F00EAE72D /* TransitionZoom.swift */,
				F0325A281DB9125F00EAE72D /* UnwindSegue.swift */,
			);
			path = Spring;
			sourceTree = "<group>";
		};
		F03453561DC92F4B0021A0F7 /* Frameworks */ = {
			isa = PBXGroup;
			children = (
				F03453521DC92F3E0021A0F7 /* Fabric.framework */,
				F03453531DC92F3E0021A0F7 /* Crashlytics.framework */,
			);
			name = Frameworks;
			sourceTree = "<group>";
		};
		F03453571DC930740021A0F7 /* Resources */ = {
			isa = PBXGroup;
			children = (
				3C67B6C91AA3FC5B0094C726 /* Assets.xcassets */,
				F03453581DC930D50021A0F7 /* Localization */,
				F03453591DC930EE0021A0F7 /* Storyboards */,
			);
			name = Resources;
			sourceTree = "<group>";
		};
		F03453581DC930D50021A0F7 /* Localization */ = {
			isa = PBXGroup;
			children = (
				F0325A4C1DB922D800EAE72D /* Localizable.strings */,
			);
			name = Localization;
			sourceTree = "<group>";
		};
		F03453591DC930EE0021A0F7 /* Storyboards */ = {
			isa = PBXGroup;
			children = (
				3C67B6C61AA3FC5B0094C726 /* Main.storyboard */,
				3C92E6E41B5E0B2700BD4988 /* LaunchScreen.xib */,
			);
			name = Storyboards;
			sourceTree = "<group>";
		};
		F034535A1DC931A60021A0F7 /* Utils */ = {
			isa = PBXGroup;
			children = (
				F0325A461DB91DAB00EAE72D /* UserDefaultsUtils.swift */,
				F0325A481DB91EE900EAE72D /* UserPreferences.swift */,
				F0325A4A1DB91FC600EAE72D /* Constants.swift */,
			);
			name = Utils;
			sourceTree = "<group>";
		};
		F034535B1DC931AE0021A0F7 /* Controllers */ = {
			isa = PBXGroup;
			children = (
				3C67B6C41AA3FC5B0094C726 /* CalculatorViewController.swift */,
			);
			name = Controllers;
			sourceTree = "<group>";
		};
		F034535C1DC931C30021A0F7 /* Models */ = {
			isa = PBXGroup;
			children = (
				3CEE98B41B71321600E7F694 /* CalculatorModel.swift */,
			);
			name = Models;
			sourceTree = "<group>";
		};
/* End PBXGroup section */

/* Begin PBXNativeTarget section */
		3C67B6BC1AA3FC5B0094C726 /* Convex */ = {
			isa = PBXNativeTarget;
			buildConfigurationList = 3C67B6DC1AA3FC5B0094C726 /* Build configuration list for PBXNativeTarget "Convex" */;
			buildPhases = (
				3C67B6B91AA3FC5B0094C726 /* Sources */,
				3C67B6BA1AA3FC5B0094C726 /* Frameworks */,
				3C67B6BB1AA3FC5B0094C726 /* Resources */,
				F03453501DC92E290021A0F7 /* Fabric */,
			);
			buildRules = (
			);
			dependencies = (
			);
			name = Convex;
			productName = Convex;
			productReference = 3C67B6BD1AA3FC5B0094C726 /* Convex.app */;
			productType = "com.apple.product-type.application";
		};
/* End PBXNativeTarget section */

/* Begin PBXProject section */
		3C67B6B51AA3FC5B0094C726 /* Project object */ = {
			isa = PBXProject;
			attributes = {
				LastSwiftMigration = 0700;
				LastSwiftUpdateCheck = 0700;
				LastUpgradeCheck = 0800;
				ORGANIZATIONNAME = "Matt Daigle";
				TargetAttributes = {
					3C67B6BC1AA3FC5B0094C726 = {
						CreatedOnToolsVersion = 6.1.1;
						DevelopmentTeam = CDTTJ6AG8Z;
						LastSwiftMigration = 0800;
					};
				};
			};
			buildConfigurationList = 3C67B6B81AA3FC5B0094C726 /* Build configuration list for PBXProject "Convex" */;
			compatibilityVersion = "Xcode 3.2";
			developmentRegion = English;
			hasScannedForEncodings = 0;
			knownRegions = (
				en,
				Base,
			);
			mainGroup = 3C67B6B41AA3FC5B0094C726;
			productRefGroup = 3C67B6BE1AA3FC5B0094C726 /* Products */;
			projectDirPath = "";
			projectRoot = "";
			targets = (
				3C67B6BC1AA3FC5B0094C726 /* Convex */,
			);
		};
/* End PBXProject section */

/* Begin PBXResourcesBuildPhase section */
		3C67B6BB1AA3FC5B0094C726 /* Resources */ = {
			isa = PBXResourcesBuildPhase;
			buildActionMask = 2147483647;
			files = (
				F0325A351DB9125F00EAE72D /* Info.plist in Resources */,
				F0325A4D1DB922D800EAE72D /* Localizable.strings in Resources */,
				3C92E6E51B5E0B2700BD4988 /* LaunchScreen.xib in Resources */,
				3C67B6C81AA3FC5B0094C726 /* Main.storyboard in Resources */,
				3C67B6CA1AA3FC5B0094C726 /* Assets.xcassets in Resources */,
				F0325A381DB9125F00EAE72D /* LoadingView.xib in Resources */,
			);
			runOnlyForDeploymentPostprocessing = 0;
		};
/* End PBXResourcesBuildPhase section */

/* Begin PBXShellScriptBuildPhase section */
		F03453501DC92E290021A0F7 /* Fabric */ = {
			isa = PBXShellScriptBuildPhase;
			buildActionMask = 2147483647;
			files = (
			);
			inputPaths = (
			);
			name = Fabric;
			outputPaths = (
			);
			runOnlyForDeploymentPostprocessing = 0;
			shellPath = /bin/sh;
			shellScript = "./Fabric.framework/run 49418b588f10840b411d5e53def1f9fec43474d3 1894674cb50bc58db1a55eabd958c637b247d06429211ad35ee80b94aa4ddaca";
		};
/* End PBXShellScriptBuildPhase section */

/* Begin PBXSourcesBuildPhase section */
		3C67B6B91AA3FC5B0094C726 /* Sources */ = {
			isa = PBXSourcesBuildPhase;
			buildActionMask = 2147483647;
			files = (
				F0325A2F1DB9125F00EAE72D /* DesignableLabel.swift in Sources */,
				F0325A491DB91EE900EAE72D /* UserPreferences.swift in Sources */,
				F0325A3E1DB9125F00EAE72D /* SpringImageView.swift in Sources */,
				F0325A2B1DB9125F00EAE72D /* AutoTextView.swift in Sources */,
				F0325A341DB9125F00EAE72D /* ImageLoader.swift in Sources */,
				F0325A391DB9125F00EAE72D /* Misc.swift in Sources */,
				F0325A2C1DB9125F00EAE72D /* BlurView.swift in Sources */,
				F0325A451DB9125F00EAE72D /* UnwindSegue.swift in Sources */,
				F0325A371DB9125F00EAE72D /* LoadingView.swift in Sources */,
				F0325A401DB9125F00EAE72D /* SpringTextField.swift in Sources */,
				F0325A3B1DB9125F00EAE72D /* Spring.swift in Sources */,
				3C67B6C51AA3FC5B0094C726 /* CalculatorViewController.swift in Sources */,
				F0325A3A1DB9125F00EAE72D /* SoundPlayer.swift in Sources */,
				F0325A331DB9125F00EAE72D /* DesignableView.swift in Sources */,
				F0325A301DB9125F00EAE72D /* DesignableTabBarController.swift in Sources */,
				F0325A2D1DB9125F00EAE72D /* DesignableButton.swift in Sources */,
				3C67B6C31AA3FC5B0094C726 /* AppDelegate.swift in Sources */,
				F0325A441DB9125F00EAE72D /* TransitionZoom.swift in Sources */,
				F0325A311DB9125F00EAE72D /* DesignableTextField.swift in Sources */,
				F0325A431DB9125F00EAE72D /* TransitionManager.swift in Sources */,
				F0325A3F1DB9125F00EAE72D /* SpringLabel.swift in Sources */,
				F0325A291DB9125F00EAE72D /* AsyncButton.swift in Sources */,
				F0325A471DB91DAB00EAE72D /* UserDefaultsUtils.swift in Sources */,
				F0325A4B1DB91FC600EAE72D /* Constants.swift in Sources */,
				F0325A2A1DB9125F00EAE72D /* AsyncImageView.swift in Sources */,
				F0325A321DB9125F00EAE72D /* DesignableTextView.swift in Sources */,
				F0325A421DB9125F00EAE72D /* SpringView.swift in Sources */,
				F0325A411DB9125F00EAE72D /* SpringTextView.swift in Sources */,
				F0325A361DB9125F00EAE72D /* KeyboardLayoutConstraint.swift in Sources */,
				F0325A3D1DB9125F00EAE72D /* SpringButton.swift in Sources */,
				F0325A3C1DB9125F00EAE72D /* SpringAnimation.swift in Sources */,
				F0325A2E1DB9125F00EAE72D /* DesignableImageView.swift in Sources */,
				3CEE98B51B71321600E7F694 /* CalculatorModel.swift in Sources */,
			);
			runOnlyForDeploymentPostprocessing = 0;
		};
/* End PBXSourcesBuildPhase section */

/* Begin PBXVariantGroup section */
		3C67B6C61AA3FC5B0094C726 /* Main.storyboard */ = {
			isa = PBXVariantGroup;
			children = (
				3C67B6C71AA3FC5B0094C726 /* Base */,
			);
			name = Main.storyboard;
			sourceTree = "<group>";
		};
/* End PBXVariantGroup section */

/* Begin XCBuildConfiguration section */
		3C67B6DA1AA3FC5B0094C726 /* Debug */ = {
			isa = XCBuildConfiguration;
			buildSettings = {
				ALWAYS_SEARCH_USER_PATHS = NO;
				CLANG_CXX_LANGUAGE_STANDARD = "gnu++0x";
				CLANG_CXX_LIBRARY = "libc++";
				CLANG_ENABLE_MODULES = YES;
				CLANG_ENABLE_OBJC_ARC = YES;
				CLANG_WARN_BOOL_CONVERSION = YES;
				CLANG_WARN_CONSTANT_CONVERSION = YES;
				CLANG_WARN_DIRECT_OBJC_ISA_USAGE = YES_ERROR;
				CLANG_WARN_EMPTY_BODY = YES;
				CLANG_WARN_ENUM_CONVERSION = YES;
				CLANG_WARN_INFINITE_RECURSION = YES;
				CLANG_WARN_INT_CONVERSION = YES;
				CLANG_WARN_OBJC_ROOT_CLASS = YES_ERROR;
				CLANG_WARN_SUSPICIOUS_MOVE = YES;
				CLANG_WARN_UNREACHABLE_CODE = YES;
				CLANG_WARN__DUPLICATE_METHOD_MATCH = YES;
				CODE_SIGN_IDENTITY = "iPhone Developer";
				"CODE_SIGN_IDENTITY[sdk=iphoneos*]" = "iPhone Developer";
				COPY_PHASE_STRIP = NO;
				ENABLE_STRICT_OBJC_MSGSEND = YES;
				ENABLE_TESTABILITY = YES;
				GCC_C_LANGUAGE_STANDARD = gnu99;
				GCC_DYNAMIC_NO_PIC = NO;
				GCC_NO_COMMON_BLOCKS = YES;
				GCC_OPTIMIZATION_LEVEL = 0;
				GCC_PREPROCESSOR_DEFINITIONS = (
					"DEBUG=1",
					"$(inherited)",
				);
				GCC_SYMBOLS_PRIVATE_EXTERN = NO;
				GCC_WARN_64_TO_32_BIT_CONVERSION = YES;
				GCC_WARN_ABOUT_RETURN_TYPE = YES_ERROR;
				GCC_WARN_UNDECLARED_SELECTOR = YES;
				GCC_WARN_UNINITIALIZED_AUTOS = YES_AGGRESSIVE;
				GCC_WARN_UNUSED_FUNCTION = YES;
				GCC_WARN_UNUSED_VARIABLE = YES;
				IPHONEOS_DEPLOYMENT_TARGET = 9.0;
				MTL_ENABLE_DEBUG_INFO = YES;
				ONLY_ACTIVE_ARCH = YES;
				SDKROOT = iphoneos;
				SWIFT_OPTIMIZATION_LEVEL = "-Onone";
				TARGETED_DEVICE_FAMILY = "1,2";
			};
			name = Debug;
		};
		3C67B6DB1AA3FC5B0094C726 /* Release */ = {
			isa = XCBuildConfiguration;
			buildSettings = {
				ALWAYS_SEARCH_USER_PATHS = NO;
				CLANG_CXX_LANGUAGE_STANDARD = "gnu++0x";
				CLANG_CXX_LIBRARY = "libc++";
				CLANG_ENABLE_MODULES = YES;
				CLANG_ENABLE_OBJC_ARC = YES;
				CLANG_WARN_BOOL_CONVERSION = YES;
				CLANG_WARN_CONSTANT_CONVERSION = YES;
				CLANG_WARN_DIRECT_OBJC_ISA_USAGE = YES_ERROR;
				CLANG_WARN_EMPTY_BODY = YES;
				CLANG_WARN_ENUM_CONVERSION = YES;
				CLANG_WARN_INFINITE_RECURSION = YES;
				CLANG_WARN_INT_CONVERSION = YES;
				CLANG_WARN_OBJC_ROOT_CLASS = YES_ERROR;
				CLANG_WARN_SUSPICIOUS_MOVE = YES;
				CLANG_WARN_UNREACHABLE_CODE = YES;
				CLANG_WARN__DUPLICATE_METHOD_MATCH = YES;
				CODE_SIGN_IDENTITY = "iPhone Developer";
				"CODE_SIGN_IDENTITY[sdk=iphoneos*]" = "iPhone Developer";
				COPY_PHASE_STRIP = YES;
				ENABLE_NS_ASSERTIONS = NO;
				ENABLE_STRICT_OBJC_MSGSEND = YES;
				GCC_C_LANGUAGE_STANDARD = gnu99;
				GCC_NO_COMMON_BLOCKS = YES;
				GCC_WARN_64_TO_32_BIT_CONVERSION = YES;
				GCC_WARN_ABOUT_RETURN_TYPE = YES_ERROR;
				GCC_WARN_UNDECLARED_SELECTOR = YES;
				GCC_WARN_UNINITIALIZED_AUTOS = YES_AGGRESSIVE;
				GCC_WARN_UNUSED_FUNCTION = YES;
				GCC_WARN_UNUSED_VARIABLE = YES;
				IPHONEOS_DEPLOYMENT_TARGET = 9.0;
				MTL_ENABLE_DEBUG_INFO = NO;
				SDKROOT = iphoneos;
				SWIFT_OPTIMIZATION_LEVEL = "-Owholemodule";
				TARGETED_DEVICE_FAMILY = "1,2";
				VALIDATE_PRODUCT = YES;
			};
			name = Release;
		};
		3C67B6DD1AA3FC5B0094C726 /* Debug */ = {
			isa = XCBuildConfiguration;
			buildSettings = {
				ASSETCATALOG_COMPILER_APPICON_NAME = AppIcon;
				CODE_SIGN_IDENTITY = "iPhone Developer";
				"CODE_SIGN_IDENTITY[sdk=iphoneos*]" = "iPhone Developer";
				FRAMEWORK_SEARCH_PATHS = (
					"$(inherited)",
					"$(PROJECT_DIR)",
				);
				INFOPLIST_FILE = Convex/Info.plist;
				IPHONEOS_DEPLOYMENT_TARGET = 9.0;
				LD_RUNPATH_SEARCH_PATHS = "$(inherited) @executable_path/Frameworks";
				PRODUCT_BUNDLE_IDENTIFIER = "com.mattxdaigle.$(PRODUCT_NAME:rfc1034identifier)";
				PRODUCT_NAME = "$(TARGET_NAME)";
				PROVISIONING_PROFILE = "";
				SWIFT_VERSION = 3.0;
				TARGETED_DEVICE_FAMILY = 1;
			};
			name = Debug;
		};
		3C67B6DE1AA3FC5B0094C726 /* Release */ = {
			isa = XCBuildConfiguration;
			buildSettings = {
				ASSETCATALOG_COMPILER_APPICON_NAME = AppIcon;
				CODE_SIGN_IDENTITY = "iPhone Developer";
				"CODE_SIGN_IDENTITY[sdk=iphoneos*]" = "iPhone Developer";
				FRAMEWORK_SEARCH_PATHS = (
					"$(inherited)",
					"$(PROJECT_DIR)",
				);
				INFOPLIST_FILE = Convex/Info.plist;
				IPHONEOS_DEPLOYMENT_TARGET = 9.0;
				LD_RUNPATH_SEARCH_PATHS = "$(inherited) @executable_path/Frameworks";
				PRODUCT_BUNDLE_IDENTIFIER = "com.mattxdaigle.$(PRODUCT_NAME:rfc1034identifier)";
				PRODUCT_NAME = "$(TARGET_NAME)";
				PROVISIONING_PROFILE = "";
				SWIFT_VERSION = 3.0;
				TARGETED_DEVICE_FAMILY = 1;
			};
			name = Release;
		};
/* End XCBuildConfiguration section */

/* Begin XCConfigurationList section */
		3C67B6B81AA3FC5B0094C726 /* Build configuration list for PBXProject "Convex" */ = {
			isa = XCConfigurationList;
			buildConfigurations = (
				3C67B6DA1AA3FC5B0094C726 /* Debug */,
				3C67B6DB1AA3FC5B0094C726 /* Release */,
			);
			defaultConfigurationIsVisible = 0;
			defaultConfigurationName = Release;
		};
		3C67B6DC1AA3FC5B0094C726 /* Build configuration list for PBXNativeTarget "Convex" */ = {
			isa = XCConfigurationList;
			buildConfigurations = (
				3C67B6DD1AA3FC5B0094C726 /* Debug */,
				3C67B6DE1AA3FC5B0094C726 /* Release */,
			);
			defaultConfigurationIsVisible = 0;
			defaultConfigurationName = Release;
		};
/* End XCConfigurationList section */
	};
	rootObject = 3C67B6B51AA3FC5B0094C726 /* Project object */;
}
