// !$*UTF8*$!
{
	archiveVersion = 1;
	classes = {
	};
	objectVersion = 56;
	objects = {

/* Begin PBXBuildFile section */
		402C2CB82C3246EE0098F4CC /* View+LayoutChanges.swift in Sources */ = {isa = PBXBuildFile; fileRef = 402C2CB72C3246EE0098F4CC /* View+LayoutChanges.swift */; };
		402C2CC12C3258C20098F4CC /* CalculatorModel.swift in Sources */ = {isa = PBXBuildFile; fileRef = 402C2CC02C3258C20098F4CC /* CalculatorModel.swift */; };
		402C2CC32C3266230098F4CC /* CalculatorViewModel.swift in Sources */ = {isa = PBXBuildFile; fileRef = 402C2CC22C3266230098F4CC /* CalculatorViewModel.swift */; };
		402C2CC62C32727B0098F4CC /* Launch Screen.storyboard in Resources */ = {isa = PBXBuildFile; fileRef = 402C2CC52C32727B0098F4CC /* Launch Screen.storyboard */; };
		4080C7A02C3302AF005AF9DD /* OperationButton.swift in Sources */ = {isa = PBXBuildFile; fileRef = 4080C79F2C3302AF005AF9DD /* OperationButton.swift */; };
		4080C7A22C3302E9005AF9DD /* OperationButton+ViewModel.swift in Sources */ = {isa = PBXBuildFile; fileRef = 4080C7A12C3302E9005AF9DD /* OperationButton+ViewModel.swift */; };
		4080C7A42C33037E005AF9DD /* OperationButtonStyle.swift in Sources */ = {isa = PBXBuildFile; fileRef = 4080C7A32C33037E005AF9DD /* OperationButtonStyle.swift */; };
		4080C7A62C3303B2005AF9DD /* Operations.swift in Sources */ = {isa = PBXBuildFile; fileRef = 4080C7A52C3303B2005AF9DD /* Operations.swift */; };
		4080C7A92C33177F005AF9DD /* String+Formatting.swift in Sources */ = {isa = PBXBuildFile; fileRef = 4080C7A82C33177F005AF9DD /* String+Formatting.swift */; };
		40936E6F2C31E94E00E7541C /* ConvexApp.swift in Sources */ = {isa = PBXBuildFile; fileRef = 40936E6E2C31E94E00E7541C /* ConvexApp.swift */; };
		40936E712C31E94E00E7541C /* CalculatorView.swift in Sources */ = {isa = PBXBuildFile; fileRef = 40936E702C31E94E00E7541C /* CalculatorView.swift */; };
		40936E732C31E94F00E7541C /* Assets.xcassets in Resources */ = {isa = PBXBuildFile; fileRef = 40936E722C31E94F00E7541C /* Assets.xcassets */; };
		40936E762C31E94F00E7541C /* Preview Assets.xcassets in Resources */ = {isa = PBXBuildFile; fileRef = 40936E752C31E94F00E7541C /* Preview Assets.xcassets */; };
		40936E802C31E94F00E7541C /* ConvexTests.swift in Sources */ = {isa = PBXBuildFile; fileRef = 40936E7F2C31E94F00E7541C /* ConvexTests.swift */; };
		40936E8A2C31E94F00E7541C /* ConvexUITests.swift in Sources */ = {isa = PBXBuildFile; fileRef = 40936E892C31E94F00E7541C /* ConvexUITests.swift */; };
		40936E8C2C31E94F00E7541C /* ConvexUITestsLaunchTests.swift in Sources */ = {isa = PBXBuildFile; fileRef = 40936E8B2C31E94F00E7541C /* ConvexUITestsLaunchTests.swift */; };
		40936E992C31F54600E7541C /* NumberButtonViewModel.swift in Sources */ = {isa = PBXBuildFile; fileRef = 40936E982C31F54600E7541C /* NumberButtonViewModel.swift */; };
		40936E9B2C31F95600E7541C /* DecimalNumberButton.swift in Sources */ = {isa = PBXBuildFile; fileRef = 40936E9A2C31F95600E7541C /* DecimalNumberButton.swift */; };
		40936E9D2C3207D700E7541C /* NumberButtonStyle.swift in Sources */ = {isa = PBXBuildFile; fileRef = 40936E9C2C3207D700E7541C /* NumberButtonStyle.swift */; };
		40936EA12C32102600E7541C /* HexNumberButton.swift in Sources */ = {isa = PBXBuildFile; fileRef = 40936EA02C32102600E7541C /* HexNumberButton.swift */; };
		40936EA32C3213FC00E7541C /* Base.swift in Sources */ = {isa = PBXBuildFile; fileRef = 40936EA22C3213FC00E7541C /* Base.swift */; };
/* End PBXBuildFile section */

/* Begin PBXContainerItemProxy section */
		40936E7C2C31E94F00E7541C /* PBXContainerItemProxy */ = {
			isa = PBXContainerItemProxy;
			containerPortal = 40936E632C31E94E00E7541C /* Project object */;
			proxyType = 1;
			remoteGlobalIDString = 40936E6A2C31E94E00E7541C;
			remoteInfo = Convex;
		};
		40936E862C31E94F00E7541C /* PBXContainerItemProxy */ = {
			isa = PBXContainerItemProxy;
			containerPortal = 40936E632C31E94E00E7541C /* Project object */;
			proxyType = 1;
			remoteGlobalIDString = 40936E6A2C31E94E00E7541C;
			remoteInfo = Convex;
		};
/* End PBXContainerItemProxy section */

/* Begin PBXFileReference section */
		402C2CB72C3246EE0098F4CC /* View+LayoutChanges.swift */ = {isa = PBXFileReference; lastKnownFileType = sourcecode.swift; path = "View+LayoutChanges.swift"; sourceTree = "<group>"; };
		402C2CC02C3258C20098F4CC /* CalculatorModel.swift */ = {isa = PBXFileReference; lastKnownFileType = sourcecode.swift; path = CalculatorModel.swift; sourceTree = "<group>"; };
		402C2CC22C3266230098F4CC /* CalculatorViewModel.swift */ = {isa = PBXFileReference; lastKnownFileType = sourcecode.swift; path = CalculatorViewModel.swift; sourceTree = "<group>"; };
		402C2CC52C32727B0098F4CC /* Launch Screen.storyboard */ = {isa = PBXFileReference; lastKnownFileType = file.storyboard; path = "Launch Screen.storyboard"; sourceTree = "<group>"; };
		4080C79F2C3302AF005AF9DD /* OperationButton.swift */ = {isa = PBXFileReference; fileEncoding = 4; lastKnownFileType = sourcecode.swift; path = OperationButton.swift; sourceTree = "<group>"; };
		4080C7A12C3302E9005AF9DD /* OperationButton+ViewModel.swift */ = {isa = PBXFileReference; fileEncoding = 4; lastKnownFileType = sourcecode.swift; path = "OperationButton+ViewModel.swift"; sourceTree = "<group>"; };
		4080C7A32C33037E005AF9DD /* OperationButtonStyle.swift */ = {isa = PBXFileReference; lastKnownFileType = sourcecode.swift; path = OperationButtonStyle.swift; sourceTree = "<group>"; };
		4080C7A52C3303B2005AF9DD /* Operations.swift */ = {isa = PBXFileReference; lastKnownFileType = sourcecode.swift; path = Operations.swift; sourceTree = "<group>"; };
		4080C7A82C33177F005AF9DD /* String+Formatting.swift */ = {isa = PBXFileReference; lastKnownFileType = sourcecode.swift; path = "String+Formatting.swift"; sourceTree = "<group>"; };
		40936E6B2C31E94E00E7541C /* Convex.app */ = {isa = PBXFileReference; explicitFileType = wrapper.application; includeInIndex = 0; path = Convex.app; sourceTree = BUILT_PRODUCTS_DIR; };
		40936E6E2C31E94E00E7541C /* ConvexApp.swift */ = {isa = PBXFileReference; lastKnownFileType = sourcecode.swift; path = ConvexApp.swift; sourceTree = "<group>"; };
		40936E702C31E94E00E7541C /* CalculatorView.swift */ = {isa = PBXFileReference; lastKnownFileType = sourcecode.swift; path = CalculatorView.swift; sourceTree = "<group>"; };
		40936E722C31E94F00E7541C /* Assets.xcassets */ = {isa = PBXFileReference; lastKnownFileType = folder.assetcatalog; path = Assets.xcassets; sourceTree = "<group>"; };
		40936E752C31E94F00E7541C /* Preview Assets.xcassets */ = {isa = PBXFileReference; lastKnownFileType = folder.assetcatalog; path = "Preview Assets.xcassets"; sourceTree = "<group>"; };
		40936E7B2C31E94F00E7541C /* ConvexTests.xctest */ = {isa = PBXFileReference; explicitFileType = wrapper.cfbundle; includeInIndex = 0; path = ConvexTests.xctest; sourceTree = BUILT_PRODUCTS_DIR; };
		40936E7F2C31E94F00E7541C /* ConvexTests.swift */ = {isa = PBXFileReference; lastKnownFileType = sourcecode.swift; path = ConvexTests.swift; sourceTree = "<group>"; };
		40936E852C31E94F00E7541C /* ConvexUITests.xctest */ = {isa = PBXFileReference; explicitFileType = wrapper.cfbundle; includeInIndex = 0; path = ConvexUITests.xctest; sourceTree = BUILT_PRODUCTS_DIR; };
		40936E892C31E94F00E7541C /* ConvexUITests.swift */ = {isa = PBXFileReference; lastKnownFileType = sourcecode.swift; path = ConvexUITests.swift; sourceTree = "<group>"; };
		40936E8B2C31E94F00E7541C /* ConvexUITestsLaunchTests.swift */ = {isa = PBXFileReference; lastKnownFileType = sourcecode.swift; path = ConvexUITestsLaunchTests.swift; sourceTree = "<group>"; };
		40936E982C31F54600E7541C /* NumberButtonViewModel.swift */ = {isa = PBXFileReference; lastKnownFileType = sourcecode.swift; path = NumberButtonViewModel.swift; sourceTree = "<group>"; };
		40936E9A2C31F95600E7541C /* DecimalNumberButton.swift */ = {isa = PBXFileReference; lastKnownFileType = sourcecode.swift; path = DecimalNumberButton.swift; sourceTree = "<group>"; };
		40936E9C2C3207D700E7541C /* NumberButtonStyle.swift */ = {isa = PBXFileReference; lastKnownFileType = sourcecode.swift; path = NumberButtonStyle.swift; sourceTree = "<group>"; };
		40936EA02C32102600E7541C /* HexNumberButton.swift */ = {isa = PBXFileReference; fileEncoding = 4; lastKnownFileType = sourcecode.swift; path = HexNumberButton.swift; sourceTree = "<group>"; };
		40936EA22C3213FC00E7541C /* Base.swift */ = {isa = PBXFileReference; lastKnownFileType = sourcecode.swift; path = Base.swift; sourceTree = "<group>"; };
/* End PBXFileReference section */

/* Begin PBXFrameworksBuildPhase section */
		40936E682C31E94E00E7541C /* Frameworks */ = {
			isa = PBXFrameworksBuildPhase;
			buildActionMask = 2147483647;
			files = (
			);
			runOnlyForDeploymentPostprocessing = 0;
		};
		40936E782C31E94F00E7541C /* Frameworks */ = {
			isa = PBXFrameworksBuildPhase;
			buildActionMask = 2147483647;
			files = (
			);
			runOnlyForDeploymentPostprocessing = 0;
		};
		40936E822C31E94F00E7541C /* Frameworks */ = {
			isa = PBXFrameworksBuildPhase;
			buildActionMask = 2147483647;
			files = (
			);
			runOnlyForDeploymentPostprocessing = 0;
		};
/* End PBXFrameworksBuildPhase section */

/* Begin PBXGroup section */
		402C2CB92C3246F50098F4CC /* Extensions */ = {
			isa = PBXGroup;
			children = (
				402C2CB72C3246EE0098F4CC /* View+LayoutChanges.swift */,
				4080C7A82C33177F005AF9DD /* String+Formatting.swift */,
			);
			path = Extensions;
			sourceTree = "<group>";
		};
		402C2CBA2C32470B0098F4CC /* Models */ = {
			isa = PBXGroup;
			children = (
				402C2CC02C3258C20098F4CC /* CalculatorModel.swift */,
				40936EA22C3213FC00E7541C /* Base.swift */,
				4080C7A52C3303B2005AF9DD /* Operations.swift */,
			);
			path = Models;
			sourceTree = "<group>";
		};
		402C2CBB2C3247200098F4CC /* Calculator */ = {
			isa = PBXGroup;
			children = (
				40936E702C31E94E00E7541C /* CalculatorView.swift */,
				402C2CC22C3266230098F4CC /* CalculatorViewModel.swift */,
				402C2CBA2C32470B0098F4CC /* Models */,
			);
			path = Calculator;
			sourceTree = "<group>";
		};
		402C2CBC2C3247700098F4CC /* Resources */ = {
			isa = PBXGroup;
			children = (
				40936E722C31E94F00E7541C /* Assets.xcassets */,
				402C2CC52C32727B0098F4CC /* Launch Screen.storyboard */,
			);
			path = Resources;
			sourceTree = "<group>";
		};
		402C2CBD2C3247840098F4CC /* App */ = {
			isa = PBXGroup;
			children = (
				40936E6E2C31E94E00E7541C /* ConvexApp.swift */,
			);
			path = App;
			sourceTree = "<group>";
		};
		402C2CC42C3266350098F4CC /* Buttons */ = {
			isa = PBXGroup;
			children = (
				4080C79E2C330219005AF9DD /* Operations */,
				4080C79D2C330203005AF9DD /* Numbers */,
			);
			path = Buttons;
			sourceTree = "<group>";
		};
		4080C79D2C330203005AF9DD /* Numbers */ = {
			isa = PBXGroup;
			children = (
				40936E9A2C31F95600E7541C /* DecimalNumberButton.swift */,
				40936EA02C32102600E7541C /* HexNumberButton.swift */,
				40936E982C31F54600E7541C /* NumberButtonViewModel.swift */,
				40936E9C2C3207D700E7541C /* NumberButtonStyle.swift */,
			);
			path = Numbers;
			sourceTree = "<group>";
		};
		4080C79E2C330219005AF9DD /* Operations */ = {
			isa = PBXGroup;
			children = (
				4080C79F2C3302AF005AF9DD /* OperationButton.swift */,
				4080C7A12C3302E9005AF9DD /* OperationButton+ViewModel.swift */,
				4080C7A32C33037E005AF9DD /* OperationButtonStyle.swift */,
			);
			path = Operations;
			sourceTree = "<group>";
		};
		40936E622C31E94E00E7541C = {
			isa = PBXGroup;
			children = (
				40936E6D2C31E94E00E7541C /* Convex */,
				40936E7E2C31E94F00E7541C /* ConvexTests */,
				40936E882C31E94F00E7541C /* ConvexUITests */,
				40936E6C2C31E94E00E7541C /* Products */,
			);
			sourceTree = "<group>";
		};
		40936E6C2C31E94E00E7541C /* Products */ = {
			isa = PBXGroup;
			children = (
				40936E6B2C31E94E00E7541C /* Convex.app */,
				40936E7B2C31E94F00E7541C /* ConvexTests.xctest */,
				40936E852C31E94F00E7541C /* ConvexUITests.xctest */,
			);
			name = Products;
			sourceTree = "<group>";
		};
		40936E6D2C31E94E00E7541C /* Convex */ = {
			isa = PBXGroup;
			children = (
				402C2CBD2C3247840098F4CC /* App */,
				402C2CBB2C3247200098F4CC /* Calculator */,
				402C2CC42C3266350098F4CC /* Buttons */,
				402C2CBC2C3247700098F4CC /* Resources */,
				402C2CB92C3246F50098F4CC /* Extensions */,
				40936E742C31E94F00E7541C /* Preview Content */,
			);
			path = Convex;
			sourceTree = "<group>";
		};
		40936E742C31E94F00E7541C /* Preview Content */ = {
			isa = PBXGroup;
			children = (
				40936E752C31E94F00E7541C /* Preview Assets.xcassets */,
			);
			path = "Preview Content";
			sourceTree = "<group>";
		};
		40936E7E2C31E94F00E7541C /* ConvexTests */ = {
			isa = PBXGroup;
			children = (
				40936E7F2C31E94F00E7541C /* ConvexTests.swift */,
			);
			path = ConvexTests;
			sourceTree = "<group>";
		};
		40936E882C31E94F00E7541C /* ConvexUITests */ = {
			isa = PBXGroup;
			children = (
				40936E892C31E94F00E7541C /* ConvexUITests.swift */,
				40936E8B2C31E94F00E7541C /* ConvexUITestsLaunchTests.swift */,
			);
			path = ConvexUITests;
			sourceTree = "<group>";
		};
/* End PBXGroup section */

/* Begin PBXNativeTarget section */
		40936E6A2C31E94E00E7541C /* Convex */ = {
			isa = PBXNativeTarget;
			buildConfigurationList = 40936E8F2C31E94F00E7541C /* Build configuration list for PBXNativeTarget "Convex" */;
			buildPhases = (
				40936E672C31E94E00E7541C /* Sources */,
				40936E682C31E94E00E7541C /* Frameworks */,
				40936E692C31E94E00E7541C /* Resources */,
			);
			buildRules = (
			);
			dependencies = (
			);
			name = Convex;
			productName = Convex;
			productReference = 40936E6B2C31E94E00E7541C /* Convex.app */;
			productType = "com.apple.product-type.application";
		};
		40936E7A2C31E94F00E7541C /* ConvexTests */ = {
			isa = PBXNativeTarget;
			buildConfigurationList = 40936E922C31E94F00E7541C /* Build configuration list for PBXNativeTarget "ConvexTests" */;
			buildPhases = (
				40936E772C31E94F00E7541C /* Sources */,
				40936E782C31E94F00E7541C /* Frameworks */,
				40936E792C31E94F00E7541C /* Resources */,
			);
			buildRules = (
			);
			dependencies = (
				40936E7D2C31E94F00E7541C /* PBXTargetDependency */,
			);
			name = ConvexTests;
			productName = ConvexTests;
			productReference = 40936E7B2C31E94F00E7541C /* ConvexTests.xctest */;
			productType = "com.apple.product-type.bundle.unit-test";
		};
		40936E842C31E94F00E7541C /* ConvexUITests */ = {
			isa = PBXNativeTarget;
			buildConfigurationList = 40936E952C31E94F00E7541C /* Build configuration list for PBXNativeTarget "ConvexUITests" */;
			buildPhases = (
				40936E812C31E94F00E7541C /* Sources */,
				40936E822C31E94F00E7541C /* Frameworks */,
				40936E832C31E94F00E7541C /* Resources */,
			);
			buildRules = (
			);
			dependencies = (
				40936E872C31E94F00E7541C /* PBXTargetDependency */,
			);
			name = ConvexUITests;
			productName = ConvexUITests;
			productReference = 40936E852C31E94F00E7541C /* ConvexUITests.xctest */;
			productType = "com.apple.product-type.bundle.ui-testing";
		};
/* End PBXNativeTarget section */

/* Begin PBXProject section */
		40936E632C31E94E00E7541C /* Project object */ = {
			isa = PBXProject;
			attributes = {
				BuildIndependentTargetsInParallel = 1;
				LastSwiftUpdateCheck = 1540;
				LastUpgradeCheck = 1540;
				TargetAttributes = {
					40936E6A2C31E94E00E7541C = {
						CreatedOnToolsVersion = 15.4;
					};
					40936E7A2C31E94F00E7541C = {
						CreatedOnToolsVersion = 15.4;
						TestTargetID = 40936E6A2C31E94E00E7541C;
					};
					40936E842C31E94F00E7541C = {
						CreatedOnToolsVersion = 15.4;
						TestTargetID = 40936E6A2C31E94E00E7541C;
					};
				};
			};
			buildConfigurationList = 40936E662C31E94E00E7541C /* Build configuration list for PBXProject "Convex" */;
			compatibilityVersion = "Xcode 14.0";
			developmentRegion = en;
			hasScannedForEncodings = 0;
			knownRegions = (
				en,
				Base,
			);
			mainGroup = 40936E622C31E94E00E7541C;
			productRefGroup = 40936E6C2C31E94E00E7541C /* Products */;
			projectDirPath = "";
			projectRoot = "";
			targets = (
				40936E6A2C31E94E00E7541C /* Convex */,
				40936E7A2C31E94F00E7541C /* ConvexTests */,
				40936E842C31E94F00E7541C /* ConvexUITests */,
			);
		};
/* End PBXProject section */

/* Begin PBXResourcesBuildPhase section */
		40936E692C31E94E00E7541C /* Resources */ = {
			isa = PBXResourcesBuildPhase;
			buildActionMask = 2147483647;
			files = (
				402C2CC62C32727B0098F4CC /* Launch Screen.storyboard in Resources */,
				40936E762C31E94F00E7541C /* Preview Assets.xcassets in Resources */,
				40936E732C31E94F00E7541C /* Assets.xcassets in Resources */,
			);
			runOnlyForDeploymentPostprocessing = 0;
		};
		40936E792C31E94F00E7541C /* Resources */ = {
			isa = PBXResourcesBuildPhase;
			buildActionMask = 2147483647;
			files = (
			);
			runOnlyForDeploymentPostprocessing = 0;
		};
		40936E832C31E94F00E7541C /* Resources */ = {
			isa = PBXResourcesBuildPhase;
			buildActionMask = 2147483647;
			files = (
			);
			runOnlyForDeploymentPostprocessing = 0;
		};
/* End PBXResourcesBuildPhase section */

/* Begin PBXSourcesBuildPhase section */
		40936E672C31E94E00E7541C /* Sources */ = {
			isa = PBXSourcesBuildPhase;
			buildActionMask = 2147483647;
			files = (
				4080C7A02C3302AF005AF9DD /* OperationButton.swift in Sources */,
				402C2CB82C3246EE0098F4CC /* View+LayoutChanges.swift in Sources */,
				40936E992C31F54600E7541C /* NumberButtonViewModel.swift in Sources */,
				4080C7A62C3303B2005AF9DD /* Operations.swift in Sources */,
				4080C7A92C33177F005AF9DD /* String+Formatting.swift in Sources */,
				40936E712C31E94E00E7541C /* CalculatorView.swift in Sources */,
				4080C7A42C33037E005AF9DD /* OperationButtonStyle.swift in Sources */,
				40936E9B2C31F95600E7541C /* DecimalNumberButton.swift in Sources */,
				402C2CC32C3266230098F4CC /* CalculatorViewModel.swift in Sources */,
				4080C7A22C3302E9005AF9DD /* OperationButton+ViewModel.swift in Sources */,
				40936E9D2C3207D700E7541C /* NumberButtonStyle.swift in Sources */,
				40936E6F2C31E94E00E7541C /* ConvexApp.swift in Sources */,
				402C2CC12C3258C20098F4CC /* CalculatorModel.swift in Sources */,
				40936EA32C3213FC00E7541C /* Base.swift in Sources */,
				40936EA12C32102600E7541C /* HexNumberButton.swift in Sources */,
			);
			runOnlyForDeploymentPostprocessing = 0;
		};
		40936E772C31E94F00E7541C /* Sources */ = {
			isa = PBXSourcesBuildPhase;
			buildActionMask = 2147483647;
			files = (
				40936E802C31E94F00E7541C /* ConvexTests.swift in Sources */,
			);
			runOnlyForDeploymentPostprocessing = 0;
		};
		40936E812C31E94F00E7541C /* Sources */ = {
			isa = PBXSourcesBuildPhase;
			buildActionMask = 2147483647;
			files = (
				40936E8A2C31E94F00E7541C /* ConvexUITests.swift in Sources */,
				40936E8C2C31E94F00E7541C /* ConvexUITestsLaunchTests.swift in Sources */,
			);
			runOnlyForDeploymentPostprocessing = 0;
		};
/* End PBXSourcesBuildPhase section */

/* Begin PBXTargetDependency section */
		40936E7D2C31E94F00E7541C /* PBXTargetDependency */ = {
			isa = PBXTargetDependency;
			target = 40936E6A2C31E94E00E7541C /* Convex */;
			targetProxy = 40936E7C2C31E94F00E7541C /* PBXContainerItemProxy */;
		};
		40936E872C31E94F00E7541C /* PBXTargetDependency */ = {
			isa = PBXTargetDependency;
			target = 40936E6A2C31E94E00E7541C /* Convex */;
			targetProxy = 40936E862C31E94F00E7541C /* PBXContainerItemProxy */;
		};
/* End PBXTargetDependency section */

/* Begin XCBuildConfiguration section */
		40936E8D2C31E94F00E7541C /* Debug */ = {
			isa = XCBuildConfiguration;
			buildSettings = {
				ALWAYS_SEARCH_USER_PATHS = NO;
				ASSETCATALOG_COMPILER_GENERATE_SWIFT_ASSET_SYMBOL_EXTENSIONS = YES;
				CLANG_ANALYZER_NONNULL = YES;
				CLANG_ANALYZER_NUMBER_OBJECT_CONVERSION = YES_AGGRESSIVE;
				CLANG_CXX_LANGUAGE_STANDARD = "gnu++20";
				CLANG_ENABLE_MODULES = YES;
				CLANG_ENABLE_OBJC_ARC = YES;
				CLANG_ENABLE_OBJC_WEAK = YES;
				CLANG_WARN_BLOCK_CAPTURE_AUTORELEASING = YES;
				CLANG_WARN_BOOL_CONVERSION = YES;
				CLANG_WARN_COMMA = YES;
				CLANG_WARN_CONSTANT_CONVERSION = YES;
				CLANG_WARN_DEPRECATED_OBJC_IMPLEMENTATIONS = YES;
				CLANG_WARN_DIRECT_OBJC_ISA_USAGE = YES_ERROR;
				CLANG_WARN_DOCUMENTATION_COMMENTS = YES;
				CLANG_WARN_EMPTY_BODY = YES;
				CLANG_WARN_ENUM_CONVERSION = YES;
				CLANG_WARN_INFINITE_RECURSION = YES;
				CLANG_WARN_INT_CONVERSION = YES;
				CLANG_WARN_NON_LITERAL_NULL_CONVERSION = YES;
				CLANG_WARN_OBJC_IMPLICIT_RETAIN_SELF = YES;
				CLANG_WARN_OBJC_LITERAL_CONVERSION = YES;
				CLANG_WARN_OBJC_ROOT_CLASS = YES_ERROR;
				CLANG_WARN_QUOTED_INCLUDE_IN_FRAMEWORK_HEADER = YES;
				CLANG_WARN_RANGE_LOOP_ANALYSIS = YES;
				CLANG_WARN_STRICT_PROTOTYPES = YES;
				CLANG_WARN_SUSPICIOUS_MOVE = YES;
				CLANG_WARN_UNGUARDED_AVAILABILITY = YES_AGGRESSIVE;
				CLANG_WARN_UNREACHABLE_CODE = YES;
				CLANG_WARN__DUPLICATE_METHOD_MATCH = YES;
				COPY_PHASE_STRIP = NO;
				DEBUG_INFORMATION_FORMAT = dwarf;
				ENABLE_STRICT_OBJC_MSGSEND = YES;
				ENABLE_TESTABILITY = YES;
				ENABLE_USER_SCRIPT_SANDBOXING = YES;
				GCC_C_LANGUAGE_STANDARD = gnu17;
				GCC_DYNAMIC_NO_PIC = NO;
				GCC_NO_COMMON_BLOCKS = YES;
				GCC_OPTIMIZATION_LEVEL = 0;
				GCC_PREPROCESSOR_DEFINITIONS = (
					"DEBUG=1",
					"$(inherited)",
				);
				GCC_WARN_64_TO_32_BIT_CONVERSION = YES;
				GCC_WARN_ABOUT_RETURN_TYPE = YES_ERROR;
				GCC_WARN_UNDECLARED_SELECTOR = YES;
				GCC_WARN_UNINITIALIZED_AUTOS = YES_AGGRESSIVE;
				GCC_WARN_UNUSED_FUNCTION = YES;
				GCC_WARN_UNUSED_VARIABLE = YES;
				IPHONEOS_DEPLOYMENT_TARGET = 17.5;
				LOCALIZATION_PREFERS_STRING_CATALOGS = YES;
				MTL_ENABLE_DEBUG_INFO = INCLUDE_SOURCE;
				MTL_FAST_MATH = YES;
				ONLY_ACTIVE_ARCH = YES;
				SDKROOT = iphoneos;
				SWIFT_ACTIVE_COMPILATION_CONDITIONS = "DEBUG $(inherited)";
				SWIFT_OPTIMIZATION_LEVEL = "-Onone";
			};
			name = Debug;
		};
		40936E8E2C31E94F00E7541C /* Release */ = {
			isa = XCBuildConfiguration;
			buildSettings = {
				ALWAYS_SEARCH_USER_PATHS = NO;
				ASSETCATALOG_COMPILER_GENERATE_SWIFT_ASSET_SYMBOL_EXTENSIONS = YES;
				CLANG_ANALYZER_NONNULL = YES;
				CLANG_ANALYZER_NUMBER_OBJECT_CONVERSION = YES_AGGRESSIVE;
				CLANG_CXX_LANGUAGE_STANDARD = "gnu++20";
				CLANG_ENABLE_MODULES = YES;
				CLANG_ENABLE_OBJC_ARC = YES;
				CLANG_ENABLE_OBJC_WEAK = YES;
				CLANG_WARN_BLOCK_CAPTURE_AUTORELEASING = YES;
				CLANG_WARN_BOOL_CONVERSION = YES;
				CLANG_WARN_COMMA = YES;
				CLANG_WARN_CONSTANT_CONVERSION = YES;
				CLANG_WARN_DEPRECATED_OBJC_IMPLEMENTATIONS = YES;
				CLANG_WARN_DIRECT_OBJC_ISA_USAGE = YES_ERROR;
				CLANG_WARN_DOCUMENTATION_COMMENTS = YES;
				CLANG_WARN_EMPTY_BODY = YES;
				CLANG_WARN_ENUM_CONVERSION = YES;
				CLANG_WARN_INFINITE_RECURSION = YES;
				CLANG_WARN_INT_CONVERSION = YES;
				CLANG_WARN_NON_LITERAL_NULL_CONVERSION = YES;
				CLANG_WARN_OBJC_IMPLICIT_RETAIN_SELF = YES;
				CLANG_WARN_OBJC_LITERAL_CONVERSION = YES;
				CLANG_WARN_OBJC_ROOT_CLASS = YES_ERROR;
				CLANG_WARN_QUOTED_INCLUDE_IN_FRAMEWORK_HEADER = YES;
				CLANG_WARN_RANGE_LOOP_ANALYSIS = YES;
				CLANG_WARN_STRICT_PROTOTYPES = YES;
				CLANG_WARN_SUSPICIOUS_MOVE = YES;
				CLANG_WARN_UNGUARDED_AVAILABILITY = YES_AGGRESSIVE;
				CLANG_WARN_UNREACHABLE_CODE = YES;
				CLANG_WARN__DUPLICATE_METHOD_MATCH = YES;
				COPY_PHASE_STRIP = NO;
				DEBUG_INFORMATION_FORMAT = "dwarf-with-dsym";
				ENABLE_NS_ASSERTIONS = NO;
				ENABLE_STRICT_OBJC_MSGSEND = YES;
				ENABLE_USER_SCRIPT_SANDBOXING = YES;
				GCC_C_LANGUAGE_STANDARD = gnu17;
				GCC_NO_COMMON_BLOCKS = YES;
				GCC_WARN_64_TO_32_BIT_CONVERSION = YES;
				GCC_WARN_ABOUT_RETURN_TYPE = YES_ERROR;
				GCC_WARN_UNDECLARED_SELECTOR = YES;
				GCC_WARN_UNINITIALIZED_AUTOS = YES_AGGRESSIVE;
				GCC_WARN_UNUSED_FUNCTION = YES;
				GCC_WARN_UNUSED_VARIABLE = YES;
				IPHONEOS_DEPLOYMENT_TARGET = 17.5;
				LOCALIZATION_PREFERS_STRING_CATALOGS = YES;
				MTL_ENABLE_DEBUG_INFO = NO;
				MTL_FAST_MATH = YES;
				SDKROOT = iphoneos;
				SWIFT_COMPILATION_MODE = wholemodule;
				VALIDATE_PRODUCT = YES;
			};
			name = Release;
		};
		40936E902C31E94F00E7541C /* Debug */ = {
			isa = XCBuildConfiguration;
			buildSettings = {
				ASSETCATALOG_COMPILER_APPICON_NAME = AppIcon;
				ASSETCATALOG_COMPILER_GLOBAL_ACCENT_COLOR_NAME = AccentColor;
				ASSETCATALOG_COMPILER_INCLUDE_ALL_APPICON_ASSETS = NO;
				CODE_SIGN_STYLE = Automatic;
				CURRENT_PROJECT_VERSION = 1;
				DEVELOPMENT_ASSET_PATHS = "\"Convex/Preview Content\"";
				DEVELOPMENT_TEAM = CDTTJ6AG8Z;
				ENABLE_PREVIEWS = YES;
				GENERATE_INFOPLIST_FILE = YES;
				INFOPLIST_KEY_CFBundleDisplayName = Convex;
				INFOPLIST_KEY_LSApplicationCategoryType = "public.app-category.productivity";
				INFOPLIST_KEY_UIApplicationSceneManifest_Generation = YES;
				INFOPLIST_KEY_UIApplicationSupportsIndirectInputEvents = YES;
				INFOPLIST_KEY_UILaunchScreen_Generation = YES;
				INFOPLIST_KEY_UILaunchStoryboardName = "Launch Screen.storyboard";
				INFOPLIST_KEY_UIRequiresFullScreen = YES;
				INFOPLIST_KEY_UIStatusBarStyle = UIStatusBarStyleDarkContent;
				INFOPLIST_KEY_UISupportedInterfaceOrientations = UIInterfaceOrientationPortrait;
				IPHONEOS_DEPLOYMENT_TARGET = 17.0;
				LD_RUNPATH_SEARCH_PATHS = (
					"$(inherited)",
					"@executable_path/Frameworks",
				);
				MARKETING_VERSION = 2.0.0;
				PRODUCT_BUNDLE_IDENTIFIER = com.mattxdaigle.Convex;
				PRODUCT_NAME = "$(TARGET_NAME)";
				SUPPORTED_PLATFORMS = "iphoneos iphonesimulator";
				SUPPORTS_MACCATALYST = NO;
				SUPPORTS_MAC_DESIGNED_FOR_IPHONE_IPAD = NO;
				SUPPORTS_XR_DESIGNED_FOR_IPHONE_IPAD = NO;
				SWIFT_EMIT_LOC_STRINGS = YES;
				SWIFT_VERSION = 5.0;
				TARGETED_DEVICE_FAMILY = 1;
			};
			name = Debug;
		};
		40936E912C31E94F00E7541C /* Release */ = {
			isa = XCBuildConfiguration;
			buildSettings = {
				ASSETCATALOG_COMPILER_APPICON_NAME = AppIcon;
				ASSETCATALOG_COMPILER_GLOBAL_ACCENT_COLOR_NAME = AccentColor;
				ASSETCATALOG_COMPILER_INCLUDE_ALL_APPICON_ASSETS = NO;
				CODE_SIGN_STYLE = Automatic;
				CURRENT_PROJECT_VERSION = 1;
				DEVELOPMENT_ASSET_PATHS = "\"Convex/Preview Content\"";
				DEVELOPMENT_TEAM = CDTTJ6AG8Z;
				ENABLE_PREVIEWS = YES;
				GENERATE_INFOPLIST_FILE = YES;
				INFOPLIST_KEY_CFBundleDisplayName = Convex;
				INFOPLIST_KEY_LSApplicationCategoryType = "public.app-category.productivity";
				INFOPLIST_KEY_UIApplicationSceneManifest_Generation = YES;
				INFOPLIST_KEY_UIApplicationSupportsIndirectInputEvents = YES;
				INFOPLIST_KEY_UILaunchScreen_Generation = YES;
				INFOPLIST_KEY_UILaunchStoryboardName = "Launch Screen.storyboard";
				INFOPLIST_KEY_UIRequiresFullScreen = YES;
				INFOPLIST_KEY_UIStatusBarStyle = UIStatusBarStyleDarkContent;
				INFOPLIST_KEY_UISupportedInterfaceOrientations = UIInterfaceOrientationPortrait;
				IPHONEOS_DEPLOYMENT_TARGET = 17.0;
				LD_RUNPATH_SEARCH_PATHS = (
					"$(inherited)",
					"@executable_path/Frameworks",
				);
				MARKETING_VERSION = 2.0.0;
				PRODUCT_BUNDLE_IDENTIFIER = com.mattxdaigle.Convex;
				PRODUCT_NAME = "$(TARGET_NAME)";
				SUPPORTED_PLATFORMS = "iphoneos iphonesimulator";
				SUPPORTS_MACCATALYST = NO;
				SUPPORTS_MAC_DESIGNED_FOR_IPHONE_IPAD = NO;
				SUPPORTS_XR_DESIGNED_FOR_IPHONE_IPAD = NO;
				SWIFT_EMIT_LOC_STRINGS = YES;
				SWIFT_VERSION = 5.0;
				TARGETED_DEVICE_FAMILY = 1;
			};
			name = Release;
		};
		40936E932C31E94F00E7541C /* Debug */ = {
			isa = XCBuildConfiguration;
			buildSettings = {
				ALWAYS_EMBED_SWIFT_STANDARD_LIBRARIES = YES;
				BUNDLE_LOADER = "$(TEST_HOST)";
				CODE_SIGN_STYLE = Automatic;
				CURRENT_PROJECT_VERSION = 1;
				DEVELOPMENT_TEAM = CDTTJ6AG8Z;
				GENERATE_INFOPLIST_FILE = YES;
				IPHONEOS_DEPLOYMENT_TARGET = 17.5;
				MARKETING_VERSION = 1.0;
				PRODUCT_BUNDLE_IDENTIFIER = io.daigle.ConvexTests;
				PRODUCT_NAME = "$(TARGET_NAME)";
				SWIFT_EMIT_LOC_STRINGS = NO;
				SWIFT_VERSION = 5.0;
				TARGETED_DEVICE_FAMILY = "1,2";
				TEST_HOST = "$(BUILT_PRODUCTS_DIR)/Convex.app/$(BUNDLE_EXECUTABLE_FOLDER_PATH)/Convex";
			};
			name = Debug;
		};
		40936E942C31E94F00E7541C /* Release */ = {
			isa = XCBuildConfiguration;
			buildSettings = {
				ALWAYS_EMBED_SWIFT_STANDARD_LIBRARIES = YES;
				BUNDLE_LOADER = "$(TEST_HOST)";
				CODE_SIGN_STYLE = Automatic;
				CURRENT_PROJECT_VERSION = 1;
				DEVELOPMENT_TEAM = CDTTJ6AG8Z;
				GENERATE_INFOPLIST_FILE = YES;
				IPHONEOS_DEPLOYMENT_TARGET = 17.5;
				MARKETING_VERSION = 1.0;
				PRODUCT_BUNDLE_IDENTIFIER = io.daigle.ConvexTests;
				PRODUCT_NAME = "$(TARGET_NAME)";
				SWIFT_EMIT_LOC_STRINGS = NO;
				SWIFT_VERSION = 5.0;
				TARGETED_DEVICE_FAMILY = "1,2";
				TEST_HOST = "$(BUILT_PRODUCTS_DIR)/Convex.app/$(BUNDLE_EXECUTABLE_FOLDER_PATH)/Convex";
			};
			name = Release;
		};
		40936E962C31E94F00E7541C /* Debug */ = {
			isa = XCBuildConfiguration;
			buildSettings = {
				ALWAYS_EMBED_SWIFT_STANDARD_LIBRARIES = YES;
				CODE_SIGN_STYLE = Automatic;
				CURRENT_PROJECT_VERSION = 1;
				DEVELOPMENT_TEAM = CDTTJ6AG8Z;
				GENERATE_INFOPLIST_FILE = YES;
				MARKETING_VERSION = 1.0;
				PRODUCT_BUNDLE_IDENTIFIER = io.daigle.ConvexUITests;
				PRODUCT_NAME = "$(TARGET_NAME)";
				SWIFT_EMIT_LOC_STRINGS = NO;
				SWIFT_VERSION = 5.0;
				TARGETED_DEVICE_FAMILY = "1,2";
				TEST_TARGET_NAME = Convex;
			};
			name = Debug;
		};
		40936E972C31E94F00E7541C /* Release */ = {
			isa = XCBuildConfiguration;
			buildSettings = {
				ALWAYS_EMBED_SWIFT_STANDARD_LIBRARIES = YES;
				CODE_SIGN_STYLE = Automatic;
				CURRENT_PROJECT_VERSION = 1;
				DEVELOPMENT_TEAM = CDTTJ6AG8Z;
				GENERATE_INFOPLIST_FILE = YES;
				MARKETING_VERSION = 1.0;
				PRODUCT_BUNDLE_IDENTIFIER = io.daigle.ConvexUITests;
				PRODUCT_NAME = "$(TARGET_NAME)";
				SWIFT_EMIT_LOC_STRINGS = NO;
				SWIFT_VERSION = 5.0;
				TARGETED_DEVICE_FAMILY = "1,2";
				TEST_TARGET_NAME = Convex;
			};
			name = Release;
		};
/* End XCBuildConfiguration section */

/* Begin XCConfigurationList section */
		40936E662C31E94E00E7541C /* Build configuration list for PBXProject "Convex" */ = {
			isa = XCConfigurationList;
			buildConfigurations = (
				40936E8D2C31E94F00E7541C /* Debug */,
				40936E8E2C31E94F00E7541C /* Release */,
			);
			defaultConfigurationIsVisible = 0;
			defaultConfigurationName = Release;
		};
		40936E8F2C31E94F00E7541C /* Build configuration list for PBXNativeTarget "Convex" */ = {
			isa = XCConfigurationList;
			buildConfigurations = (
				40936E902C31E94F00E7541C /* Debug */,
				40936E912C31E94F00E7541C /* Release */,
			);
			defaultConfigurationIsVisible = 0;
			defaultConfigurationName = Release;
		};
		40936E922C31E94F00E7541C /* Build configuration list for PBXNativeTarget "ConvexTests" */ = {
			isa = XCConfigurationList;
			buildConfigurations = (
				40936E932C31E94F00E7541C /* Debug */,
				40936E942C31E94F00E7541C /* Release */,
			);
			defaultConfigurationIsVisible = 0;
			defaultConfigurationName = Release;
		};
		40936E952C31E94F00E7541C /* Build configuration list for PBXNativeTarget "ConvexUITests" */ = {
			isa = XCConfigurationList;
			buildConfigurations = (
				40936E962C31E94F00E7541C /* Debug */,
				40936E972C31E94F00E7541C /* Release */,
			);
			defaultConfigurationIsVisible = 0;
			defaultConfigurationName = Release;
		};
/* End XCConfigurationList section */
	};
	rootObject = 40936E632C31E94E00E7541C /* Project object */;
}
